<?xml version="1.0" encoding="utf-8"?>
<Project ToolsVersion="4.0" xmlns="http://schemas.microsoft.com/developer/msbuild/2003">
  <ItemGroup>
    <Filter Include="include">
      <UniqueIdentifier>{aee06ac9-1bc5-42ef-858c-7657bb1ee832}</UniqueIdentifier>
    </Filter>
    <Filter Include="src">
      <UniqueIdentifier>{a85ae50a-af9f-42fa-b91f-f0838cde3720}</UniqueIdentifier>
    </Filter>
  </ItemGroup>
  <ItemGroup>
    <ClInclude Include="include\version.h">
      <Filter>include</Filter>
    </ClInclude>
    <ClInclude Include="include\versiondb.h">
      <Filter>include</Filter>
    </ClInclude>
    <ClInclude Include="include\actors.h">
      <Filter>include</Filter>
    </ClInclude>
    <ClInclude Include="include\headparts.h">
      <Filter>include</Filter>
    </ClInclude>
    <ClInclude Include="include\morph.h">
      <Filter>include</Filter>
    </ClInclude>
    <ClInclude Include="include\morphProcedural.h">
      <Filter>include</Filter>
    </ClInclude>
    <ClInclude Include="include\niftyFunctions.h">
      <Filter>include</Filter>
    </ClInclude>
    <ClInclude Include="include\outfit.h">
      <Filter>include</Filter>
    </ClInclude>
    <ClInclude Include="include\plugin.h">
      <Filter>include</Filter>
    </ClInclude>
  </ItemGroup>
  <ItemGroup>
    <ClCompile Include="src\main.cpp">
      <Filter>src</Filter>
    </ClCompile>
    <ClCompile Include="src\plugin.cpp">
      <Filter>src</Filter>
    </ClCompile>
    <ClCompile Include="src\morph.cpp">
      <Filter>src</Filter>
    </ClCompile>
    <ClCompile Include="src\actors.cpp">
      <Filter>src</Filter>
    </ClCompile>
    <ClCompile Include="src\outfit.cpp">
      <Filter>src</Filter>
    </ClCompile>
    <ClCompile Include="src\morphProcedural.cpp">
      <Filter>src</Filter>
    </ClCompile>
    <ClCompile Include="src\headparts.cpp">
      <Filter>src</Filter>
    </ClCompile>
  </ItemGroup>
</Project>